
Microsoft Visual Studio Solution File, Format Version 12.00
Project("{FAE04EC0-301F-11D3-BF4B-00C04F79EFBC}") = "Kyu-8th-Nunit", "Kyu-8th-Nunit\Kyu-8th-Nunit.csproj", "{35EC3421-7F32-4684-9432-0C60FDAE2D58}"
EndProject
Global
	GlobalSection(SolutionConfigurationPlatforms) = preSolution
		Debug|Any CPU = Debug|Any CPU
		Release|Any CPU = Release|Any CPU
	EndGlobalSection
	GlobalSection(ProjectConfigurationPlatforms) = postSolution
		{35EC3421-7F32-4684-9432-0C60FDAE2D58}.Debug|Any CPU.ActiveCfg = Debug|Any CPU
		{35EC3421-7F32-4684-9432-0C60FDAE2D58}.Debug|Any CPU.Build.0 = Debug|Any CPU
		{35EC3421-7F32-4684-9432-0C60FDAE2D58}.Release|Any CPU.ActiveCfg = Release|Any CPU
		{35EC3421-7F32-4684-9432-0C60FDAE2D58}.Release|Any CPU.Build.0 = Release|Any CPU
	EndGlobalSection
EndGlobal
